# This file is automatically @generated by Cargo.
# It is not intended for manual editing.
version = 3

[[package]]
name = "field-offset"
version = "0.1.1"
source = "registry+https://github.com/rust-lang/crates.io-index"
checksum = "64e9bc339e426139e02601fa69d101e96a92aee71b58bc01697ec2a63a5c9e68"

[[package]]
name = "pd-ext"
version = "0.1.0"
dependencies = [
 "field-offset",
 "pd-sys 0.1.1",
 "proc-macro2",
 "quote",
 "syn",
]

[[package]]
name = "pd-ext-macros"
version = "0.1.1"
dependencies = [
 "proc-macro2",
 "quote",
 "syn",
]

[[package]]
name = "pd-sys"
version = "0.1.0"

[[package]]
name = "pd-sys"
version = "0.1.1"
source = "registry+https://github.com/rust-lang/crates.io-index"
checksum = "55a278afa483e752773b367636a7f73201680d0026d02d95f0207195f0196cbf"

[[package]]
name = "proc-macro2"
version = "0.4.30"
source = "registry+https://github.com/rust-lang/crates.io-index"
checksum = "cf3d2011ab5c909338f7887f4fc896d35932e29146c12c8d01da6b22a80ba759"
dependencies = [
 "unicode-xid",
]

[[package]]
name = "puredata-rust-example"
version = "0.1.0"
dependencies = [
 "pd-ext",
 "pd-ext-macros",
 "pd-sys 0.1.0",
]

[[package]]
name = "quote"
version = "0.6.13"
source = "registry+https://github.com/rust-lang/crates.io-index"
checksum = "6ce23b6b870e8f94f81fb0a363d65d86675884b34a09043c81e5562f11c1f8e1"
dependencies = [
 "proc-macro2",
]

[[package]]
name = "syn"
version = "0.15.44"
source = "registry+https://github.com/rust-lang/crates.io-index"
checksum = "9ca4b3b69a77cbe1ffc9e198781b7acb0c7365a883670e8f1c1bc66fba79a5c5"
dependencies = [
 "proc-macro2",
 "quote",
 "unicode-xid",
]

[[package]]
name = "unicode-xid"
version = "0.1.0"
source = "registry+https://github.com/rust-lang/crates.io-index"
checksum = "fc72304796d0818e357ead4e000d19c9c174ab23dc11093ac919054d20a6a7fc"
